
Microsoft Visual Studio Solution File, Format Version 12.00
# Visual Studio Version 17
VisualStudioVersion = 17.8.34309.116
MinimumVisualStudioVersion = 10.0.40219.1
Project("{9A19103F-16F7-4668-BE54-9A1E7A4F7556}") = "HowToRead", "VisualStudio\HowToRead.csproj", "{CE9A2348-BED1-4333-82CE-5D9CDD88D857}"
EndProject
Global
	GlobalSection(SolutionConfigurationPlatforms) = preSolution
		Debug|Any CPU = Debug|Any CPU
		Release|Any CPU = Release|Any CPU
	EndGlobalSection
	GlobalSection(ProjectConfigurationPlatforms) = postSolution
		{CE9A2348-BED1-4333-82CE-5D9CDD88D857}.Debug|Any CPU.ActiveCfg = Debug|Any CPU
		{CE9A2348-BED1-4333-82CE-5D9CDD88D857}.Debug|Any CPU.Build.0 = Debug|Any CPU
		{CE9A2348-BED1-4333-82CE-5D9CDD88D857}.Release|Any CPU.ActiveCfg = Release|Any CPU
		{CE9A2348-BED1-4333-82CE-5D9CDD88D857}.Release|Any CPU.Build.0 = Release|Any CPU
	EndGlobalSection
	GlobalSection(SolutionProperties) = preSolution
		HideSolutionNode = FALSE
	EndGlobalSection
	GlobalSection(ExtensibilityGlobals) = postSolution
		SolutionGuid = {1BEA6B71-9D5D-44D7-A15E-4C28202A574B}
	EndGlobalSection
EndGlobal
